
Microsoft Visual Studio Solution File, Format Version 12.00
# Visual Studio Version 16
VisualStudioVersion = 16.0.32802.440
MinimumVisualStudioVersion = 10.0.40219.1
Project("{FAE04EC0-301F-11D3-BF4B-00C04F79EFBC}") = "SimpleFunctionGui", "SimpleFunctionGui.csproj", "{65050909-9C1E-4BBE-A63F-D7639853C677}"
EndProject
Global
	GlobalSection(SolutionConfigurationPlatforms) = preSolution
		Debug|Any CPU = Debug|Any CPU
		Release|Any CPU = Release|Any CPU
	EndGlobalSection
	GlobalSection(ProjectConfigurationPlatforms) = postSolution
		{65050909-9C1E-4BBE-A63F-D7639853C677}.Debug|Any CPU.ActiveCfg = Debug|Any CPU
		{65050909-9C1E-4BBE-A63F-D7639853C677}.Debug|Any CPU.Build.0 = Debug|Any CPU
		{65050909-9C1E-4BBE-A63F-D7639853C677}.Release|Any CPU.ActiveCfg = Release|Any CPU
		{65050909-9C1E-4BBE-A63F-D7639853C677}.Release|Any CPU.Build.0 = Release|Any CPU
	EndGlobalSection
	GlobalSection(SolutionProperties) = preSolution
		HideSolutionNode = FALSE
	EndGlobalSection
	GlobalSection(ExtensibilityGlobals) = postSolution
		SolutionGuid = {3C85D006-2866-4FFF-B8FD-A4FBCFCA7ED3}
	EndGlobalSection
EndGlobal
